{
  "requires": true,
  "lockfileVersion": 1,
  "dependencies": {
    "expo-contacts": {
      "version": "8.6.0",
      "resolved": "https://registry.npmjs.org/expo-contacts/-/expo-contacts-8.6.0.tgz",
      "integrity": "sha512-KbJb6R90bU2Cnp7o9zJ+SExtBbFJz9Jt4SmWsRPZh20WRX7XJOLBDT5x9FKX5CMw6nvHSVhpbCg51vxX9Td1hQ==",
      "requires": {
        "uuid": "^3.4.0"
      }
    },
    "expo-permissions": {
      "version": "9.3.0",
      "resolved": "https://registry.npmjs.org/expo-permissions/-/expo-permissions-9.3.0.tgz",
      "integrity": "sha512-ylSJZVvEGJVFTKsFrUL2S6gCvFt+/o8TJ3xT4WaMjHe2/2Z7R8ng6NR47Kt54t7XBIV/SZ7DIY9uRiR7TPuNYA=="
    },
    "uuid": {
      "version": "3.4.0",
      "resolved": "https://registry.npmjs.org/uuid/-/uuid-3.4.0.tgz",
      "integrity": "sha512-HjSDRw6gZE5JMggctHBcjVak08+KEVhSIiDzFnT9S9aegmp85S/bReBVTb4QTFaRNptJ9kuYaNhnbNEOkbKb/A=="
    }
  }
}
